
Microsoft Visual Studio Solution File, Format Version 11.00
# Visual Web Developer Express 2010
Project("{E24C65DC-7377-472B-9ABA-BC803B73C61A}") = "WebSite", "WebSite\", "{8D112B22-A246-4E1F-A1E7-FD744BD5E63C}"
	ProjectSection(WebsiteProperties) = preProject
		TargetFrameworkMoniker = ".NETFramework,Version%3Dv3.5"
		ProjectReferences = "{A253ACEC-BC58-4DA0-AC04-FD78EE0C452A}|DynamicForms.dll;"
		Debug.AspNetCompiler.VirtualPath = "/WebSite"
		Debug.AspNetCompiler.PhysicalPath = "WebSite\"
		Debug.AspNetCompiler.TargetPath = "PrecompiledWeb\WebSite\"
		Debug.AspNetCompiler.Updateable = "true"
		Debug.AspNetCompiler.ForceOverwrite = "true"
		Debug.AspNetCompiler.FixedNames = "false"
		Debug.AspNetCompiler.Debug = "True"
		Release.AspNetCompiler.VirtualPath = "/WebSite"
		Release.AspNetCompiler.PhysicalPath = "WebSite\"
		Release.AspNetCompiler.TargetPath = "PrecompiledWeb\WebSite\"
		Release.AspNetCompiler.Updateable = "true"
		Release.AspNetCompiler.ForceOverwrite = "true"
		Release.AspNetCompiler.FixedNames = "false"
		Release.AspNetCompiler.Debug = "False"
		VWDPort = "7175"
		DefaultWebSiteLanguage = "Visual C#"
	EndProjectSection
EndProject
Project("{FAE04EC0-301F-11D3-BF4B-00C04F79EFBC}") = "PerForms", "PerForms\PerForms.csproj", "{A253ACEC-BC58-4DA0-AC04-FD78EE0C452A}"
EndProject
Project("{E24C65DC-7377-472B-9ABA-BC803B73C61A}") = "BlankWebSite", "BlankWebSite\", "{EE261DD4-1552-4A33-87FF-B37A71947B32}"
	ProjectSection(WebsiteProperties) = preProject
		TargetFrameworkMoniker = ".NETFramework,Version%3Dv3.5"
		Debug.AspNetCompiler.VirtualPath = "/BlankWebSite"
		Debug.AspNetCompiler.PhysicalPath = "BlankWebSite\"
		Debug.AspNetCompiler.TargetPath = "PrecompiledWeb\BlankWebSite\"
		Debug.AspNetCompiler.Updateable = "true"
		Debug.AspNetCompiler.ForceOverwrite = "true"
		Debug.AspNetCompiler.FixedNames = "false"
		Debug.AspNetCompiler.Debug = "True"
		Release.AspNetCompiler.VirtualPath = "/BlankWebSite"
		Release.AspNetCompiler.PhysicalPath = "BlankWebSite\"
		Release.AspNetCompiler.TargetPath = "PrecompiledWeb\BlankWebSite\"
		Release.AspNetCompiler.Updateable = "true"
		Release.AspNetCompiler.ForceOverwrite = "true"
		Release.AspNetCompiler.FixedNames = "false"
		Release.AspNetCompiler.Debug = "False"
		VWDPort = "51813"
		DefaultWebSiteLanguage = "Visual C#"
	EndProjectSection
EndProject
Global
	GlobalSection(SolutionConfigurationPlatforms) = preSolution
		Debug|Any CPU = Debug|Any CPU
		Release|Any CPU = Release|Any CPU
	EndGlobalSection
	GlobalSection(ProjectConfigurationPlatforms) = postSolution
		{8D112B22-A246-4E1F-A1E7-FD744BD5E63C}.Debug|Any CPU.ActiveCfg = Debug|Any CPU
		{8D112B22-A246-4E1F-A1E7-FD744BD5E63C}.Debug|Any CPU.Build.0 = Debug|Any CPU
		{8D112B22-A246-4E1F-A1E7-FD744BD5E63C}.Release|Any CPU.ActiveCfg = Debug|Any CPU
		{8D112B22-A246-4E1F-A1E7-FD744BD5E63C}.Release|Any CPU.Build.0 = Debug|Any CPU
		{A253ACEC-BC58-4DA0-AC04-FD78EE0C452A}.Debug|Any CPU.ActiveCfg = Debug|Any CPU
		{A253ACEC-BC58-4DA0-AC04-FD78EE0C452A}.Debug|Any CPU.Build.0 = Debug|Any CPU
		{A253ACEC-BC58-4DA0-AC04-FD78EE0C452A}.Release|Any CPU.ActiveCfg = Release|Any CPU
		{A253ACEC-BC58-4DA0-AC04-FD78EE0C452A}.Release|Any CPU.Build.0 = Release|Any CPU
		{EE261DD4-1552-4A33-87FF-B37A71947B32}.Debug|Any CPU.ActiveCfg = Debug|Any CPU
		{EE261DD4-1552-4A33-87FF-B37A71947B32}.Debug|Any CPU.Build.0 = Debug|Any CPU
		{EE261DD4-1552-4A33-87FF-B37A71947B32}.Release|Any CPU.ActiveCfg = Debug|Any CPU
		{EE261DD4-1552-4A33-87FF-B37A71947B32}.Release|Any CPU.Build.0 = Debug|Any CPU
	EndGlobalSection
	GlobalSection(SolutionProperties) = preSolution
		HideSolutionNode = FALSE
	EndGlobalSection
EndGlobal
