
Microsoft Visual Studio Solution File, Format Version 10.00
# Visual Studio 2008
Project("{E24C65DC-7377-472B-9ABA-BC803B73C61A}") = "WebSite", "WebSite\", "{907E92F9-815F-4CB1-959D-2084F1D07633}"
	ProjectSection(WebsiteProperties) = preProject
		TargetFramework = "3.5"
		ProjectReferences = "{A253ACEC-BC58-4DA0-AC04-FD78EE0C452A}|PerForms.dll;"
		Debug.AspNetCompiler.VirtualPath = "/WebSite"
		Debug.AspNetCompiler.PhysicalPath = "D:\Performs\WebSite\"
		Debug.AspNetCompiler.TargetPath = "PrecompiledWeb\WebSite\"
		Debug.AspNetCompiler.Updateable = "true"
		Debug.AspNetCompiler.ForceOverwrite = "true"
		Debug.AspNetCompiler.FixedNames = "false"
		Debug.AspNetCompiler.Debug = "True"
		Release.AspNetCompiler.VirtualPath = "/WebSite"
		Release.AspNetCompiler.PhysicalPath = "D:\Performs\WebSite\"
		Release.AspNetCompiler.TargetPath = "PrecompiledWeb\WebSite\"
		Release.AspNetCompiler.Updateable = "true"
		Release.AspNetCompiler.ForceOverwrite = "true"
		Release.AspNetCompiler.FixedNames = "false"
		Release.AspNetCompiler.Debug = "False"
		VWDPort = "49341"
	EndProjectSection
EndProject
Project("{FAE04EC0-301F-11D3-BF4B-00C04F79EFBC}") = "PerForms", "PerForms\PerForms.csproj", "{A253ACEC-BC58-4DA0-AC04-FD78EE0C452A}"
EndProject
Project("{E24C65DC-7377-472B-9ABA-BC803B73C61A}") = "BlankWebSite", "BlankWebSite\", "{465F7C95-5A9F-4AF9-BC05-F11570DA7F5B}"
	ProjectSection(WebsiteProperties) = preProject
		TargetFramework = "3.5"
		Debug.AspNetCompiler.VirtualPath = "/BlankWebSite"
		Debug.AspNetCompiler.PhysicalPath = "BlankWebSite\"
		Debug.AspNetCompiler.TargetPath = "PrecompiledWeb\BlankWebSite\"
		Debug.AspNetCompiler.Updateable = "true"
		Debug.AspNetCompiler.ForceOverwrite = "true"
		Debug.AspNetCompiler.FixedNames = "false"
		Debug.AspNetCompiler.Debug = "True"
		Release.AspNetCompiler.VirtualPath = "/BlankWebSite"
		Release.AspNetCompiler.PhysicalPath = "BlankWebSite\"
		Release.AspNetCompiler.TargetPath = "PrecompiledWeb\BlankWebSite\"
		Release.AspNetCompiler.Updateable = "true"
		Release.AspNetCompiler.ForceOverwrite = "true"
		Release.AspNetCompiler.FixedNames = "false"
		Release.AspNetCompiler.Debug = "False"
		VWDPort = "49801"
	EndProjectSection
EndProject
Global
	GlobalSection(SolutionConfigurationPlatforms) = preSolution
		Debug|.NET = Debug|.NET
		Debug|Any CPU = Debug|Any CPU
		Debug|Mixed Platforms = Debug|Mixed Platforms
		Release|.NET = Release|.NET
		Release|Any CPU = Release|Any CPU
		Release|Mixed Platforms = Release|Mixed Platforms
	EndGlobalSection
	GlobalSection(ProjectConfigurationPlatforms) = postSolution
		{907E92F9-815F-4CB1-959D-2084F1D07633}.Debug|.NET.ActiveCfg = Debug|.NET
		{907E92F9-815F-4CB1-959D-2084F1D07633}.Debug|.NET.Build.0 = Debug|.NET
		{907E92F9-815F-4CB1-959D-2084F1D07633}.Debug|Any CPU.ActiveCfg = Debug|.NET
		{907E92F9-815F-4CB1-959D-2084F1D07633}.Debug|Mixed Platforms.ActiveCfg = Debug|.NET
		{907E92F9-815F-4CB1-959D-2084F1D07633}.Debug|Mixed Platforms.Build.0 = Debug|.NET
		{907E92F9-815F-4CB1-959D-2084F1D07633}.Release|.NET.ActiveCfg = Debug|.NET
		{907E92F9-815F-4CB1-959D-2084F1D07633}.Release|.NET.Build.0 = Debug|.NET
		{907E92F9-815F-4CB1-959D-2084F1D07633}.Release|Any CPU.ActiveCfg = Debug|.NET
		{907E92F9-815F-4CB1-959D-2084F1D07633}.Release|Mixed Platforms.ActiveCfg = Debug|.NET
		{907E92F9-815F-4CB1-959D-2084F1D07633}.Release|Mixed Platforms.Build.0 = Debug|.NET
		{A253ACEC-BC58-4DA0-AC04-FD78EE0C452A}.Debug|.NET.ActiveCfg = Debug|Any CPU
		{A253ACEC-BC58-4DA0-AC04-FD78EE0C452A}.Debug|Any CPU.ActiveCfg = Debug|Any CPU
		{A253ACEC-BC58-4DA0-AC04-FD78EE0C452A}.Debug|Any CPU.Build.0 = Debug|Any CPU
		{A253ACEC-BC58-4DA0-AC04-FD78EE0C452A}.Debug|Mixed Platforms.ActiveCfg = Debug|Any CPU
		{A253ACEC-BC58-4DA0-AC04-FD78EE0C452A}.Debug|Mixed Platforms.Build.0 = Debug|Any CPU
		{A253ACEC-BC58-4DA0-AC04-FD78EE0C452A}.Release|.NET.ActiveCfg = Release|Any CPU
		{A253ACEC-BC58-4DA0-AC04-FD78EE0C452A}.Release|Any CPU.ActiveCfg = Release|Any CPU
		{A253ACEC-BC58-4DA0-AC04-FD78EE0C452A}.Release|Any CPU.Build.0 = Release|Any CPU
		{A253ACEC-BC58-4DA0-AC04-FD78EE0C452A}.Release|Mixed Platforms.ActiveCfg = Release|Any CPU
		{A253ACEC-BC58-4DA0-AC04-FD78EE0C452A}.Release|Mixed Platforms.Build.0 = Release|Any CPU
		{465F7C95-5A9F-4AF9-BC05-F11570DA7F5B}.Debug|.NET.ActiveCfg = Debug|.NET
		{465F7C95-5A9F-4AF9-BC05-F11570DA7F5B}.Debug|.NET.Build.0 = Debug|.NET
		{465F7C95-5A9F-4AF9-BC05-F11570DA7F5B}.Debug|Any CPU.ActiveCfg = Debug|.NET
		{465F7C95-5A9F-4AF9-BC05-F11570DA7F5B}.Debug|Mixed Platforms.ActiveCfg = Debug|.NET
		{465F7C95-5A9F-4AF9-BC05-F11570DA7F5B}.Debug|Mixed Platforms.Build.0 = Debug|.NET
		{465F7C95-5A9F-4AF9-BC05-F11570DA7F5B}.Release|.NET.ActiveCfg = Debug|.NET
		{465F7C95-5A9F-4AF9-BC05-F11570DA7F5B}.Release|.NET.Build.0 = Debug|.NET
		{465F7C95-5A9F-4AF9-BC05-F11570DA7F5B}.Release|Any CPU.ActiveCfg = Debug|.NET
		{465F7C95-5A9F-4AF9-BC05-F11570DA7F5B}.Release|Mixed Platforms.ActiveCfg = Debug|.NET
		{465F7C95-5A9F-4AF9-BC05-F11570DA7F5B}.Release|Mixed Platforms.Build.0 = Debug|.NET
	EndGlobalSection
	GlobalSection(SolutionProperties) = preSolution
		HideSolutionNode = FALSE
	EndGlobalSection
EndGlobal
